github.com/fatih/camelcase v1.0.0 h1:hxNvNX/xYBp0ovncs8WyWZrOrpBNub/JfaMvbURyft8=
github.com/fatih/camelcase v1.0.0/go.mod h1:yN2Sb0lFhZJUdVvtELVWefmrXpuZESvPmqwoZc+/fpc=
github.com/go-ole/go-ole v1.2.4/go.mod h1:XCwSNxSkXRo4vlyPy93sltvi/qJq0jqQhjqQNIwKuxM=
github.com/go-ole/go-ole v1.2.5 h1:t4MGB5xEDZvXI+0rMjjsfBsD7yAgp/s9ZDkL1JndXwY=
github.com/go-ole/go-ole v1.2.5/go.mod h1:pprOEPIfldk/42T2oK7lQ4v4JSDwmV0As9GaiUsvbm0=
github.com/golang/protobuf v1.2.0/go.mod h1:6lQm79b+lXiMfvg/cZm0SGofjICqVBUtrP5yJMmIC1U=
github.com/pinzolo/casee v0.0.0-20191019093852-17765ba5eb57 h1:+L+4v944M0gpghDH39uAzZlwe/OrbnpOa7uvZ4LslII=
github.com/pinzolo/casee v0.0.0-20191019093852-17765ba5eb57/go.mod h1:dNs9tp0e1Tst75lQVHa7QJNLdGOaddO3fdyEMHkMKxQ=
github.com/tg123/gomidl v0.0.0-20210304002522-ed7c89d210ec h1:EZr/bxfddscQbQUm8PRqDpBLrEpvHZCbg527eOa/Wd0=
github.com/tg123/gomidl v0.0.0-20210304002522-ed7c89d210ec/go.mod h1:bQrax11obqJwAI0Uq0RsclsU5MjT5CQ26jCfpf1Nxn0=
golang.org/x/net v0.0.0-20180724234803-3673e40ba225/go.mod h1:mL1N/T3taQHkDXs73rZJwtUhF3w3ftmwwsq0BUmARs4=
golang.org/x/net v0.0.0-20190213061140-3a22650c66bd/go.mod h1:mL1N/T3taQHkDXs73rZJwtUhF3w3ftmwwsq0BUmARs4=
golang.org/x/sync v0.0.0-20181108010431-42b317875d0f/go.mod h1:RxMgew5VJxzue5/jJTE5uejpjVlOe/izrB70Jof72aM=
golang.org/x/sys v0.0.0-20190916202348-b4ddaad3f8a3/go.mod h1:h1NjWce9XRLGQEsW7wpKNCjG9DtNlClVuFLEZdDNbEs=
golang.org/x/sys v0.0.0-20210305230114-8fe3ee5dd75b h1:ggRgirZABFolTmi3sn6Ivd9SipZwLedQ5wR0aAKnFxU=
golang.org/x/sys v0.0.0-20210305230114-8fe3ee5dd75b/go.mod h1:h1NjWce9XRLGQEsW7wpKNCjG9DtNlClVuFLEZdDNbEs=
golang.org/x/text v0.3.0/go.mod h1:NqM8EUOU14njkJ3fqMW+pc6Ldnwhi/IjpwHt7yyuwOQ=
golang.org/x/tools v0.0.0-20190228203856-589c23e65e65/go.mod h1:9Yl7xja0Znq3iFh3HoIrodX9oNMXvdceNzlUR8zjMvY=
google.golang.org/appengine v1.4.0/go.mod h1:xpcJRLb0r/rnEns0DIKYYv+WjYCduHsrkT7/EB5XEv4=
